
Microsoft Visual Studio Solution File, Format Version 12.00
# Visual Studio Version 16
VisualStudioVersion = 16.0.31019.35
MinimumVisualStudioVersion = 10.0.40219.1
Project("{FAE04EC0-301F-11D3-BF4B-00C04F79EFBC}") = "Scheepvaart", "Scheepvaart\Scheepvaart.csproj", "{A52C1478-C657-4C04-AC57-B6C8A167F480}"
EndProject
Project("{FAE04EC0-301F-11D3-BF4B-00C04F79EFBC}") = "ConsoleApp1", "ConsoleApp1\ConsoleApp1.csproj", "{157A173C-B74A-4FD9-9309-C501074785BC}"
EndProject
Global
	GlobalSection(SolutionConfigurationPlatforms) = preSolution
		Debug|Any CPU = Debug|Any CPU
		Release|Any CPU = Release|Any CPU
	EndGlobalSection
	GlobalSection(ProjectConfigurationPlatforms) = postSolution
		{A52C1478-C657-4C04-AC57-B6C8A167F480}.Debug|Any CPU.ActiveCfg = Debug|Any CPU
		{A52C1478-C657-4C04-AC57-B6C8A167F480}.Debug|Any CPU.Build.0 = Debug|Any CPU
		{A52C1478-C657-4C04-AC57-B6C8A167F480}.Release|Any CPU.ActiveCfg = Release|Any CPU
		{A52C1478-C657-4C04-AC57-B6C8A167F480}.Release|Any CPU.Build.0 = Release|Any CPU
		{157A173C-B74A-4FD9-9309-C501074785BC}.Debug|Any CPU.ActiveCfg = Debug|Any CPU
		{157A173C-B74A-4FD9-9309-C501074785BC}.Debug|Any CPU.Build.0 = Debug|Any CPU
		{157A173C-B74A-4FD9-9309-C501074785BC}.Release|Any CPU.ActiveCfg = Release|Any CPU
		{157A173C-B74A-4FD9-9309-C501074785BC}.Release|Any CPU.Build.0 = Release|Any CPU
	EndGlobalSection
	GlobalSection(SolutionProperties) = preSolution
		HideSolutionNode = FALSE
	EndGlobalSection
	GlobalSection(ExtensibilityGlobals) = postSolution
		SolutionGuid = {361EC167-99E4-48B8-85A5-B3790506D405}
	EndGlobalSection
EndGlobal
