
Microsoft Visual Studio Solution File, Format Version 12.00
# Visual Studio Version 16
VisualStudioVersion = 16.0.31112.23
MinimumVisualStudioVersion = 10.0.40219.1
Project("{9A19103F-16F7-4668-BE54-9A1E7A4F7556}") = "ClassLibrary1", "ClassLibrary1\ClassLibrary1.csproj", "{EBFCD3E2-771A-495C-A4F4-D40A69AF1221}"
EndProject
Project("{9A19103F-16F7-4668-BE54-9A1E7A4F7556}") = "ConsoleApp1", "ConsoleApp1\ConsoleApp1.csproj", "{F7690E6A-D8A1-4ECB-AD8D-9ADD45745508}"
EndProject
Project("{FAE04EC0-301F-11D3-BF4B-00C04F79EFBC}") = "XunitsTestTeamsManager", "XunitsTestTeamsManager\XunitsTestTeamsManager.csproj", "{C4FE828D-1760-40F1-B47D-903C79F93EFD}"
EndProject
Global
	GlobalSection(SolutionConfigurationPlatforms) = preSolution
		Debug|Any CPU = Debug|Any CPU
		Release|Any CPU = Release|Any CPU
	EndGlobalSection
	GlobalSection(ProjectConfigurationPlatforms) = postSolution
		{EBFCD3E2-771A-495C-A4F4-D40A69AF1221}.Debug|Any CPU.ActiveCfg = Debug|Any CPU
		{EBFCD3E2-771A-495C-A4F4-D40A69AF1221}.Debug|Any CPU.Build.0 = Debug|Any CPU
		{EBFCD3E2-771A-495C-A4F4-D40A69AF1221}.Release|Any CPU.ActiveCfg = Release|Any CPU
		{EBFCD3E2-771A-495C-A4F4-D40A69AF1221}.Release|Any CPU.Build.0 = Release|Any CPU
		{F7690E6A-D8A1-4ECB-AD8D-9ADD45745508}.Debug|Any CPU.ActiveCfg = Debug|Any CPU
		{F7690E6A-D8A1-4ECB-AD8D-9ADD45745508}.Debug|Any CPU.Build.0 = Debug|Any CPU
		{F7690E6A-D8A1-4ECB-AD8D-9ADD45745508}.Release|Any CPU.ActiveCfg = Release|Any CPU
		{F7690E6A-D8A1-4ECB-AD8D-9ADD45745508}.Release|Any CPU.Build.0 = Release|Any CPU
		{C4FE828D-1760-40F1-B47D-903C79F93EFD}.Debug|Any CPU.ActiveCfg = Debug|Any CPU
		{C4FE828D-1760-40F1-B47D-903C79F93EFD}.Debug|Any CPU.Build.0 = Debug|Any CPU
		{C4FE828D-1760-40F1-B47D-903C79F93EFD}.Release|Any CPU.ActiveCfg = Release|Any CPU
		{C4FE828D-1760-40F1-B47D-903C79F93EFD}.Release|Any CPU.Build.0 = Release|Any CPU
	EndGlobalSection
	GlobalSection(SolutionProperties) = preSolution
		HideSolutionNode = FALSE
	EndGlobalSection
	GlobalSection(ExtensibilityGlobals) = postSolution
		SolutionGuid = {561C8498-F2B4-4576-9847-838231C09C40}
	EndGlobalSection
EndGlobal
