
Microsoft Visual Studio Solution File, Format Version 12.00
# Visual Studio Version 16
VisualStudioVersion = 16.0.31019.35
MinimumVisualStudioVersion = 10.0.40219.1
Project("{FAE04EC0-301F-11D3-BF4B-00C04F79EFBC}") = "Verwerking", "Verwerking\Verwerking.csproj", "{0B0C1221-6284-48F3-8B89-16E29197B6E7}"
EndProject
Project("{FAE04EC0-301F-11D3-BF4B-00C04F79EFBC}") = "ConsoleApp1", "ConsoleApp1\ConsoleApp1.csproj", "{F74F03F2-D0FB-4CDB-97BA-1A36E9011F62}"
EndProject
Global
	GlobalSection(SolutionConfigurationPlatforms) = preSolution
		Debug|Any CPU = Debug|Any CPU
		Release|Any CPU = Release|Any CPU
	EndGlobalSection
	GlobalSection(ProjectConfigurationPlatforms) = postSolution
		{0B0C1221-6284-48F3-8B89-16E29197B6E7}.Debug|Any CPU.ActiveCfg = Debug|Any CPU
		{0B0C1221-6284-48F3-8B89-16E29197B6E7}.Debug|Any CPU.Build.0 = Debug|Any CPU
		{0B0C1221-6284-48F3-8B89-16E29197B6E7}.Release|Any CPU.ActiveCfg = Release|Any CPU
		{0B0C1221-6284-48F3-8B89-16E29197B6E7}.Release|Any CPU.Build.0 = Release|Any CPU
		{F74F03F2-D0FB-4CDB-97BA-1A36E9011F62}.Debug|Any CPU.ActiveCfg = Debug|Any CPU
		{F74F03F2-D0FB-4CDB-97BA-1A36E9011F62}.Debug|Any CPU.Build.0 = Debug|Any CPU
		{F74F03F2-D0FB-4CDB-97BA-1A36E9011F62}.Release|Any CPU.ActiveCfg = Release|Any CPU
		{F74F03F2-D0FB-4CDB-97BA-1A36E9011F62}.Release|Any CPU.Build.0 = Release|Any CPU
	EndGlobalSection
	GlobalSection(SolutionProperties) = preSolution
		HideSolutionNode = FALSE
	EndGlobalSection
	GlobalSection(ExtensibilityGlobals) = postSolution
		SolutionGuid = {44890BD6-C9F7-4CD2-BA6A-7F8A25DE6F85}
	EndGlobalSection
EndGlobal
