
Microsoft Visual Studio Solution File, Format Version 12.00
# Visual Studio Version 16
VisualStudioVersion = 16.0.31624.102
MinimumVisualStudioVersion = 10.0.40219.1
Project("{FAE04EC0-301F-11D3-BF4B-00C04F79EFBC}") = "Flappy Bird Red", "Flappy Bird Red\Flappy Bird Red.csproj", "{C437D08D-118B-49D1-851F-BF3AC8700B28}"
EndProject
Global
	GlobalSection(SolutionConfigurationPlatforms) = preSolution
		Debug|Any CPU = Debug|Any CPU
		Release|Any CPU = Release|Any CPU
	EndGlobalSection
	GlobalSection(ProjectConfigurationPlatforms) = postSolution
		{C437D08D-118B-49D1-851F-BF3AC8700B28}.Debug|Any CPU.ActiveCfg = Debug|Any CPU
		{C437D08D-118B-49D1-851F-BF3AC8700B28}.Debug|Any CPU.Build.0 = Debug|Any CPU
		{C437D08D-118B-49D1-851F-BF3AC8700B28}.Release|Any CPU.ActiveCfg = Release|Any CPU
		{C437D08D-118B-49D1-851F-BF3AC8700B28}.Release|Any CPU.Build.0 = Release|Any CPU
	EndGlobalSection
	GlobalSection(SolutionProperties) = preSolution
		HideSolutionNode = FALSE
	EndGlobalSection
	GlobalSection(ExtensibilityGlobals) = postSolution
		SolutionGuid = {4D14AD4D-30AE-440E-864C-08E3B29891A2}
	EndGlobalSection
EndGlobal
