
Microsoft Visual Studio Solution File, Format Version 12.00
# Visual Studio Version 16
VisualStudioVersion = 16.0.31112.23
MinimumVisualStudioVersion = 10.0.40219.1
Project("{9A19103F-16F7-4668-BE54-9A1E7A4F7556}") = "Student", "Student\Student.csproj", "{1B357CB8-0810-44D5-82F6-F54507919F4D}"
EndProject
Project("{FAE04EC0-301F-11D3-BF4B-00C04F79EFBC}") = "LinqVirusDataAnalyzerLib", "LinqVirusDataAnalyzerLib\LinqVirusDataAnalyzerLib.csproj", "{7909AF09-E32F-4BEF-AC29-7F9956135222}"
EndProject
Project("{FAE04EC0-301F-11D3-BF4B-00C04F79EFBC}") = "ConsoleApp1", "ConsoleApp1\ConsoleApp1.csproj", "{8380261E-6979-4666-934B-BB03B5BB5774}"
EndProject
Global
	GlobalSection(SolutionConfigurationPlatforms) = preSolution
		Debug|Any CPU = Debug|Any CPU
		Release|Any CPU = Release|Any CPU
	EndGlobalSection
	GlobalSection(ProjectConfigurationPlatforms) = postSolution
		{1B357CB8-0810-44D5-82F6-F54507919F4D}.Debug|Any CPU.ActiveCfg = Debug|Any CPU
		{1B357CB8-0810-44D5-82F6-F54507919F4D}.Debug|Any CPU.Build.0 = Debug|Any CPU
		{1B357CB8-0810-44D5-82F6-F54507919F4D}.Release|Any CPU.ActiveCfg = Release|Any CPU
		{1B357CB8-0810-44D5-82F6-F54507919F4D}.Release|Any CPU.Build.0 = Release|Any CPU
		{7909AF09-E32F-4BEF-AC29-7F9956135222}.Debug|Any CPU.ActiveCfg = Debug|Any CPU
		{7909AF09-E32F-4BEF-AC29-7F9956135222}.Debug|Any CPU.Build.0 = Debug|Any CPU
		{7909AF09-E32F-4BEF-AC29-7F9956135222}.Release|Any CPU.ActiveCfg = Release|Any CPU
		{7909AF09-E32F-4BEF-AC29-7F9956135222}.Release|Any CPU.Build.0 = Release|Any CPU
		{8380261E-6979-4666-934B-BB03B5BB5774}.Debug|Any CPU.ActiveCfg = Debug|Any CPU
		{8380261E-6979-4666-934B-BB03B5BB5774}.Debug|Any CPU.Build.0 = Debug|Any CPU
		{8380261E-6979-4666-934B-BB03B5BB5774}.Release|Any CPU.ActiveCfg = Release|Any CPU
		{8380261E-6979-4666-934B-BB03B5BB5774}.Release|Any CPU.Build.0 = Release|Any CPU
	EndGlobalSection
	GlobalSection(SolutionProperties) = preSolution
		HideSolutionNode = FALSE
	EndGlobalSection
	GlobalSection(ExtensibilityGlobals) = postSolution
		SolutionGuid = {B7A19C75-465C-45FF-AD96-4EEE7A696C1D}
	EndGlobalSection
EndGlobal
