
Microsoft Visual Studio Solution File, Format Version 12.00
# Visual Studio Version 16
VisualStudioVersion = 16.0.30621.155
MinimumVisualStudioVersion = 10.0.40219.1
Project("{FAE04EC0-301F-11D3-BF4B-00C04F79EFBC}") = "ForTest", "ForTest\ForTest.csproj", "{A09A214F-EF47-4EC7-9D26-23EAFACABC84}"
EndProject
Global
	GlobalSection(SolutionConfigurationPlatforms) = preSolution
		Debug|Any CPU = Debug|Any CPU
		Release|Any CPU = Release|Any CPU
	EndGlobalSection
	GlobalSection(ProjectConfigurationPlatforms) = postSolution
		{A09A214F-EF47-4EC7-9D26-23EAFACABC84}.Debug|Any CPU.ActiveCfg = Debug|Any CPU
		{A09A214F-EF47-4EC7-9D26-23EAFACABC84}.Debug|Any CPU.Build.0 = Debug|Any CPU
		{A09A214F-EF47-4EC7-9D26-23EAFACABC84}.Release|Any CPU.ActiveCfg = Release|Any CPU
		{A09A214F-EF47-4EC7-9D26-23EAFACABC84}.Release|Any CPU.Build.0 = Release|Any CPU
	EndGlobalSection
	GlobalSection(SolutionProperties) = preSolution
		HideSolutionNode = FALSE
	EndGlobalSection
	GlobalSection(ExtensibilityGlobals) = postSolution
		SolutionGuid = {A0CE2948-4E69-4412-8DE9-EABF5B59E63D}
	EndGlobalSection
EndGlobal
